{
  "name": "uno.wasm.node.sample.runner",
  "version": "0.0.0",
  "lockfileVersion": 1,
  "requires": true,
  "dependencies": {
    "@types/node": {
      "version": "8.10.49",
      "resolved": "https://registry.npmjs.org/@types/node/-/node-8.10.49.tgz",
      "integrity": "sha512-YX30JVx0PvSmJ3Eqr74fYLGeBxD+C7vIL20ek+GGGLJeUbVYRUW3EzyAXpIRA0K8c8o0UWqR/GwEFYiFoz1T8w==",
      "dev": true
    },
    "typescript": {
      "version": "3.5.1",
      "resolved": "https://registry.npmjs.org/typescript/-/typescript-3.5.1.tgz",
      "integrity": "sha512-64HkdiRv1yYZsSe4xC1WVgamNigVYjlssIoaH2HcZF0+ijsk5YK2g0G34w9wJkze8+5ow4STd22AynfO6ZYYLw==",
      "dev": true
    }
  }
}
