
Microsoft Visual Studio Solution File, Format Version 12.00
# Visual Studio 15
VisualStudioVersion = 15.0.28307.168
MinimumVisualStudioVersion = 10.0.40219.1
Project("{9A19103F-16F7-4668-BE54-9A1E7A4F7556}") = "Uno.Wasm.Sample", "Uno.Wasm.Sample\Uno.Wasm.Sample.csproj", "{5641753C-F10C-4CC0-881B-1734B25E0F48}"
	ProjectSection(ProjectDependencies) = postProject
		{A3899B5E-FDE5-4F5B-B960-6B2BE73685B1} = {A3899B5E-FDE5-4F5B-B960-6B2BE73685B1}
	EndProjectSection
EndProject
Project("{9A19103F-16F7-4668-BE54-9A1E7A4F7556}") = "Uno.Wasm.Bootstrap", "Uno.Wasm.Bootstrap\Uno.Wasm.Bootstrap.csproj", "{A3899B5E-FDE5-4F5B-B960-6B2BE73685B1}"
EndProject
Project("{9A19103F-16F7-4668-BE54-9A1E7A4F7556}") = "Uno.Wasm.Test.Empty", "Uno.Wasm.Tests.Empty\Uno.Wasm.Test.Empty.csproj", "{2DFA7173-E4AD-44C6-B25A-2A455CB513FD}"
EndProject
Project("{9A19103F-16F7-4668-BE54-9A1E7A4F7556}") = "Uno.Wasm.AotTests", "Uno.Wasm.AotTests\Uno.Wasm.AotTests.csproj", "{C1303FC0-AB94-4CF8-B9CD-BB10023618C9}"
	ProjectSection(ProjectDependencies) = postProject
		{A3899B5E-FDE5-4F5B-B960-6B2BE73685B1} = {A3899B5E-FDE5-4F5B-B960-6B2BE73685B1}
	EndProjectSection
EndProject
Project("{9A19103F-16F7-4668-BE54-9A1E7A4F7556}") = "Uno.Wasm.Bootstrap.Cli", "Uno.Wasm.Bootstrap.Cli\Uno.Wasm.Bootstrap.Cli.csproj", "{AA1C47D5-53C6-4BD6-9206-FDD812D67C13}"
EndProject
Global
	GlobalSection(SolutionConfigurationPlatforms) = preSolution
		Debug|Any CPU = Debug|Any CPU
		Release|Any CPU = Release|Any CPU
	EndGlobalSection
	GlobalSection(ProjectConfigurationPlatforms) = postSolution
		{5641753C-F10C-4CC0-881B-1734B25E0F48}.Debug|Any CPU.ActiveCfg = Debug|Any CPU
		{5641753C-F10C-4CC0-881B-1734B25E0F48}.Debug|Any CPU.Build.0 = Debug|Any CPU
		{5641753C-F10C-4CC0-881B-1734B25E0F48}.Release|Any CPU.ActiveCfg = Release|Any CPU
		{5641753C-F10C-4CC0-881B-1734B25E0F48}.Release|Any CPU.Build.0 = Release|Any CPU
		{A3899B5E-FDE5-4F5B-B960-6B2BE73685B1}.Debug|Any CPU.ActiveCfg = Debug|Any CPU
		{A3899B5E-FDE5-4F5B-B960-6B2BE73685B1}.Debug|Any CPU.Build.0 = Debug|Any CPU
		{A3899B5E-FDE5-4F5B-B960-6B2BE73685B1}.Release|Any CPU.ActiveCfg = Release|Any CPU
		{A3899B5E-FDE5-4F5B-B960-6B2BE73685B1}.Release|Any CPU.Build.0 = Release|Any CPU
		{2DFA7173-E4AD-44C6-B25A-2A455CB513FD}.Debug|Any CPU.ActiveCfg = Debug|Any CPU
		{2DFA7173-E4AD-44C6-B25A-2A455CB513FD}.Debug|Any CPU.Build.0 = Debug|Any CPU
		{2DFA7173-E4AD-44C6-B25A-2A455CB513FD}.Release|Any CPU.ActiveCfg = Release|Any CPU
		{2DFA7173-E4AD-44C6-B25A-2A455CB513FD}.Release|Any CPU.Build.0 = Release|Any CPU
		{C1303FC0-AB94-4CF8-B9CD-BB10023618C9}.Debug|Any CPU.ActiveCfg = Debug|Any CPU
		{C1303FC0-AB94-4CF8-B9CD-BB10023618C9}.Debug|Any CPU.Build.0 = Debug|Any CPU
		{C1303FC0-AB94-4CF8-B9CD-BB10023618C9}.Release|Any CPU.ActiveCfg = Release|Any CPU
		{C1303FC0-AB94-4CF8-B9CD-BB10023618C9}.Release|Any CPU.Build.0 = Release|Any CPU
		{AA1C47D5-53C6-4BD6-9206-FDD812D67C13}.Debug|Any CPU.ActiveCfg = Debug|Any CPU
		{AA1C47D5-53C6-4BD6-9206-FDD812D67C13}.Debug|Any CPU.Build.0 = Debug|Any CPU
		{AA1C47D5-53C6-4BD6-9206-FDD812D67C13}.Release|Any CPU.ActiveCfg = Release|Any CPU
		{AA1C47D5-53C6-4BD6-9206-FDD812D67C13}.Release|Any CPU.Build.0 = Release|Any CPU
	EndGlobalSection
	GlobalSection(SolutionProperties) = preSolution
		HideSolutionNode = FALSE
	EndGlobalSection
	GlobalSection(ExtensibilityGlobals) = postSolution
		SolutionGuid = {FA350FE9-9316-4846-8145-356F9A0ACBC7}
	EndGlobalSection
EndGlobal
