
Microsoft Visual Studio Solution File, Format Version 12.00
# Visual Studio Version 16
VisualStudioVersion = 16.0.28516.95
MinimumVisualStudioVersion = 10.0.40219.1
Project("{9A19103F-16F7-4668-BE54-9A1E7A4F7556}") = "Uno.Wasm.Sample", "Uno.Wasm.Sample\Uno.Wasm.Sample.csproj", "{5641753C-F10C-4CC0-881B-1734B25E0F48}"
	ProjectSection(ProjectDependencies) = postProject
		{A3899B5E-FDE5-4F5B-B960-6B2BE73685B1} = {A3899B5E-FDE5-4F5B-B960-6B2BE73685B1}
	EndProjectSection
EndProject
Project("{9A19103F-16F7-4668-BE54-9A1E7A4F7556}") = "Uno.Wasm.Bootstrap", "Uno.Wasm.Bootstrap\Uno.Wasm.Bootstrap.csproj", "{A3899B5E-FDE5-4F5B-B960-6B2BE73685B1}"
EndProject
Project("{9A19103F-16F7-4668-BE54-9A1E7A4F7556}") = "Uno.Wasm.Test.Empty", "Uno.Wasm.Tests.Empty\Uno.Wasm.Test.Empty.csproj", "{2DFA7173-E4AD-44C6-B25A-2A455CB513FD}"
EndProject
Project("{9A19103F-16F7-4668-BE54-9A1E7A4F7556}") = "Uno.Wasm.AotTests", "Uno.Wasm.AotTests\Uno.Wasm.AotTests.csproj", "{C1303FC0-AB94-4CF8-B9CD-BB10023618C9}"
	ProjectSection(ProjectDependencies) = postProject
		{A3899B5E-FDE5-4F5B-B960-6B2BE73685B1} = {A3899B5E-FDE5-4F5B-B960-6B2BE73685B1}
	EndProjectSection
EndProject
Project("{9A19103F-16F7-4668-BE54-9A1E7A4F7556}") = "Uno.Wasm.Bootstrap.Cli", "Uno.Wasm.Bootstrap.Cli\Uno.Wasm.Bootstrap.Cli.csproj", "{AA1C47D5-53C6-4BD6-9206-FDD812D67C13}"
EndProject
Project("{9A19103F-16F7-4668-BE54-9A1E7A4F7556}") = "Uno.Wasm.MixedModeSample", "Uno.Wasm.MixedModeSample\Uno.Wasm.MixedModeSample.csproj", "{DF5FF703-BAC7-427B-BAEA-2E49B65DBF6E}"
EndProject
Project("{9A19103F-16F7-4668-BE54-9A1E7A4F7556}") = "Uno.Wasm.MixedModeRoslynSample", "Uno.Wasm.MixedModeRoslynSample\Uno.Wasm.MixedModeRoslynSample.csproj", "{15C3F459-5FE5-48F2-A33C-A7864969FEA4}"
EndProject
Project("{9A19103F-16F7-4668-BE54-9A1E7A4F7556}") = "Uno.WasmSample.WithSpace", "Uno.WasmSample WithSpace\Uno.WasmSample.WithSpace.csproj", "{BF4C5E36-4343-4778-AE0C-868E71548FBB}"
EndProject
Project("{9A19103F-16F7-4668-BE54-9A1E7A4F7556}") = "Uno.Wasm.Tests.TypeScript", "Uno.Wasm.Tests.TypeScript\Uno.Wasm.Tests.TypeScript.csproj", "{D913522D-851D-413D-8904-D15D1BCF469E}"
EndProject
Project("{2150E333-8FDC-42A3-9474-1A3956D46DE8}") = "Samples", "Samples", "{35E84E5F-1C9B-4168-8333-216B456C12DF}"
EndProject
Project("{9A19103F-16F7-4668-BE54-9A1E7A4F7556}") = "Uno.Wasm.Tests.Electron", "Uno.Wasm.Tests.Electron\Uno.Wasm.Tests.Electron.csproj", "{C707589F-7E9F-48F3-9725-D012CEA8D4AF}"
EndProject
Project("{2150E333-8FDC-42A3-9474-1A3956D46DE8}") = "Tests", "Tests", "{BA079449-9703-42D1-9B7B-B534C2D1DB88}"
EndProject
Project("{9092AA53-FB77-4645-B42D-1CCCA6BD08BD}") = "WasmAot.UITests", "WasmAot.UITests\WasmAot.UITests.njsproj", "{B4C15C47-85E2-444E-B9F3-D970E35601A9}"
EndProject
Project("{9A19103F-16F7-4668-BE54-9A1E7A4F7556}") = "Uno.Wasm.DynamicLinking", "Uno.Wasm.DynamicLinking\Uno.Wasm.DynamicLinking.csproj", "{8CF49D1D-ED83-41AE-B2D5-1F8B1EBB4BE6}"
EndProject
Project("{9092AA53-FB77-4645-B42D-1CCCA6BD08BD}") = "Uno.Wasm.DynamicLinking.UITests", "Uno.Wasm.DynamicLinking.UITests\Uno.Wasm.DynamicLinking.UITests.njsproj", "{4A68C463-ADB6-48FB-BC22-F52A97F2FDBE}"
EndProject
Project("{9A19103F-16F7-4668-BE54-9A1E7A4F7556}") = "Uno.Wasm.Node.Sample", "Uno.Wasm.Node.Sample\Uno.Wasm.Node.Sample.csproj", "{B98B35A0-181C-4151-9671-6B9D207D40A6}"
EndProject
Project("{9092AA53-FB77-4645-B42D-1CCCA6BD08BD}") = "Uno.Wasm.Node.Sample.Runner", "Uno.Wasm.Node.Sample.Runner\Uno.Wasm.Node.Sample.Runner.njsproj", "{A5FB0E0F-0B2C-451A-9642-E371DE7AFCBB}"
	ProjectSection(ProjectDependencies) = postProject
		{B98B35A0-181C-4151-9671-6B9D207D40A6} = {B98B35A0-181C-4151-9671-6B9D207D40A6}
	EndProjectSection
EndProject
Project("{9A19103F-16F7-4668-BE54-9A1E7A4F7556}") = "Uno.Wasm.LongPath", "LongPathTest\Uno.Wasm.LongPath.csproj", "{89275D88-41A5-4B16-9488-0432B2A3D532}"
EndProject
Project("{9A19103F-16F7-4668-BE54-9A1E7A4F7556}") = "Uno.Wasm.Threads", "Uno.Wasm.Threads\Uno.Wasm.Threads.csproj", "{A73BC29E-C720-44C8-A406-2A82D6079921}"
EndProject
Project("{9092AA53-FB77-4645-B42D-1CCCA6BD08BD}") = "Uno.Wasm.Threading.UITests", "Uno.Wasm.Threading.UITests\Uno.Wasm.Threading.UITests.njsproj", "{3D59ACEE-12BF-4B69-AEF7-893514C0BA7D}"
EndProject
Project("{9A19103F-16F7-4668-BE54-9A1E7A4F7556}") = "Uno.Wasm.Bootstrap.DevServer", "Uno.Wasm.Bootstrap.DevServer\Uno.Wasm.Bootstrap.DevServer.csproj", "{6ACB62AD-0DFF-4593-A7EC-5A4E21DA4ABE}"
EndProject
Project("{9A19103F-16F7-4668-BE54-9A1E7A4F7556}") = "Uno.Wasm.TimezoneData", "Uno.Wasm.TimezoneData\Uno.Wasm.TimezoneData.csproj", "{FE9D3339-36EB-4B4F-9534-EA742FD59C2C}"
EndProject
Global
	GlobalSection(SolutionConfigurationPlatforms) = preSolution
		Debug|Any CPU = Debug|Any CPU
		Release|Any CPU = Release|Any CPU
	EndGlobalSection
	GlobalSection(ProjectConfigurationPlatforms) = postSolution
		{5641753C-F10C-4CC0-881B-1734B25E0F48}.Debug|Any CPU.ActiveCfg = Debug|Any CPU
		{5641753C-F10C-4CC0-881B-1734B25E0F48}.Debug|Any CPU.Build.0 = Debug|Any CPU
		{5641753C-F10C-4CC0-881B-1734B25E0F48}.Release|Any CPU.ActiveCfg = Release|Any CPU
		{5641753C-F10C-4CC0-881B-1734B25E0F48}.Release|Any CPU.Build.0 = Release|Any CPU
		{A3899B5E-FDE5-4F5B-B960-6B2BE73685B1}.Debug|Any CPU.ActiveCfg = Debug|Any CPU
		{A3899B5E-FDE5-4F5B-B960-6B2BE73685B1}.Debug|Any CPU.Build.0 = Debug|Any CPU
		{A3899B5E-FDE5-4F5B-B960-6B2BE73685B1}.Release|Any CPU.ActiveCfg = Release|Any CPU
		{A3899B5E-FDE5-4F5B-B960-6B2BE73685B1}.Release|Any CPU.Build.0 = Release|Any CPU
		{2DFA7173-E4AD-44C6-B25A-2A455CB513FD}.Debug|Any CPU.ActiveCfg = Debug|Any CPU
		{2DFA7173-E4AD-44C6-B25A-2A455CB513FD}.Debug|Any CPU.Build.0 = Debug|Any CPU
		{2DFA7173-E4AD-44C6-B25A-2A455CB513FD}.Release|Any CPU.ActiveCfg = Release|Any CPU
		{2DFA7173-E4AD-44C6-B25A-2A455CB513FD}.Release|Any CPU.Build.0 = Release|Any CPU
		{C1303FC0-AB94-4CF8-B9CD-BB10023618C9}.Debug|Any CPU.ActiveCfg = Debug|Any CPU
		{C1303FC0-AB94-4CF8-B9CD-BB10023618C9}.Debug|Any CPU.Build.0 = Debug|Any CPU
		{C1303FC0-AB94-4CF8-B9CD-BB10023618C9}.Release|Any CPU.ActiveCfg = Release|Any CPU
		{C1303FC0-AB94-4CF8-B9CD-BB10023618C9}.Release|Any CPU.Build.0 = Release|Any CPU
		{AA1C47D5-53C6-4BD6-9206-FDD812D67C13}.Debug|Any CPU.ActiveCfg = Debug|Any CPU
		{AA1C47D5-53C6-4BD6-9206-FDD812D67C13}.Debug|Any CPU.Build.0 = Debug|Any CPU
		{AA1C47D5-53C6-4BD6-9206-FDD812D67C13}.Release|Any CPU.ActiveCfg = Release|Any CPU
		{AA1C47D5-53C6-4BD6-9206-FDD812D67C13}.Release|Any CPU.Build.0 = Release|Any CPU
		{DF5FF703-BAC7-427B-BAEA-2E49B65DBF6E}.Debug|Any CPU.ActiveCfg = Debug|Any CPU
		{DF5FF703-BAC7-427B-BAEA-2E49B65DBF6E}.Debug|Any CPU.Build.0 = Debug|Any CPU
		{DF5FF703-BAC7-427B-BAEA-2E49B65DBF6E}.Release|Any CPU.ActiveCfg = Release|Any CPU
		{DF5FF703-BAC7-427B-BAEA-2E49B65DBF6E}.Release|Any CPU.Build.0 = Release|Any CPU
		{15C3F459-5FE5-48F2-A33C-A7864969FEA4}.Debug|Any CPU.ActiveCfg = Debug|Any CPU
		{15C3F459-5FE5-48F2-A33C-A7864969FEA4}.Debug|Any CPU.Build.0 = Debug|Any CPU
		{15C3F459-5FE5-48F2-A33C-A7864969FEA4}.Release|Any CPU.ActiveCfg = Release|Any CPU
		{15C3F459-5FE5-48F2-A33C-A7864969FEA4}.Release|Any CPU.Build.0 = Release|Any CPU
		{BF4C5E36-4343-4778-AE0C-868E71548FBB}.Debug|Any CPU.ActiveCfg = Debug|Any CPU
		{BF4C5E36-4343-4778-AE0C-868E71548FBB}.Debug|Any CPU.Build.0 = Debug|Any CPU
		{BF4C5E36-4343-4778-AE0C-868E71548FBB}.Release|Any CPU.ActiveCfg = Release|Any CPU
		{BF4C5E36-4343-4778-AE0C-868E71548FBB}.Release|Any CPU.Build.0 = Release|Any CPU
		{D913522D-851D-413D-8904-D15D1BCF469E}.Debug|Any CPU.ActiveCfg = Debug|Any CPU
		{D913522D-851D-413D-8904-D15D1BCF469E}.Debug|Any CPU.Build.0 = Debug|Any CPU
		{D913522D-851D-413D-8904-D15D1BCF469E}.Release|Any CPU.ActiveCfg = Release|Any CPU
		{D913522D-851D-413D-8904-D15D1BCF469E}.Release|Any CPU.Build.0 = Release|Any CPU
		{C707589F-7E9F-48F3-9725-D012CEA8D4AF}.Debug|Any CPU.ActiveCfg = Debug|Any CPU
		{C707589F-7E9F-48F3-9725-D012CEA8D4AF}.Debug|Any CPU.Build.0 = Debug|Any CPU
		{C707589F-7E9F-48F3-9725-D012CEA8D4AF}.Release|Any CPU.ActiveCfg = Release|Any CPU
		{C707589F-7E9F-48F3-9725-D012CEA8D4AF}.Release|Any CPU.Build.0 = Release|Any CPU
		{B4C15C47-85E2-444E-B9F3-D970E35601A9}.Debug|Any CPU.ActiveCfg = Debug|Any CPU
		{B4C15C47-85E2-444E-B9F3-D970E35601A9}.Debug|Any CPU.Build.0 = Debug|Any CPU
		{B4C15C47-85E2-444E-B9F3-D970E35601A9}.Release|Any CPU.ActiveCfg = Release|Any CPU
		{B4C15C47-85E2-444E-B9F3-D970E35601A9}.Release|Any CPU.Build.0 = Release|Any CPU
		{8CF49D1D-ED83-41AE-B2D5-1F8B1EBB4BE6}.Debug|Any CPU.ActiveCfg = Debug|Any CPU
		{8CF49D1D-ED83-41AE-B2D5-1F8B1EBB4BE6}.Debug|Any CPU.Build.0 = Debug|Any CPU
		{8CF49D1D-ED83-41AE-B2D5-1F8B1EBB4BE6}.Release|Any CPU.ActiveCfg = Release|Any CPU
		{8CF49D1D-ED83-41AE-B2D5-1F8B1EBB4BE6}.Release|Any CPU.Build.0 = Release|Any CPU
		{4A68C463-ADB6-48FB-BC22-F52A97F2FDBE}.Debug|Any CPU.ActiveCfg = Debug|Any CPU
		{4A68C463-ADB6-48FB-BC22-F52A97F2FDBE}.Debug|Any CPU.Build.0 = Debug|Any CPU
		{4A68C463-ADB6-48FB-BC22-F52A97F2FDBE}.Release|Any CPU.ActiveCfg = Release|Any CPU
		{4A68C463-ADB6-48FB-BC22-F52A97F2FDBE}.Release|Any CPU.Build.0 = Release|Any CPU
		{B98B35A0-181C-4151-9671-6B9D207D40A6}.Debug|Any CPU.ActiveCfg = Debug|Any CPU
		{B98B35A0-181C-4151-9671-6B9D207D40A6}.Debug|Any CPU.Build.0 = Debug|Any CPU
		{B98B35A0-181C-4151-9671-6B9D207D40A6}.Release|Any CPU.ActiveCfg = Release|Any CPU
		{B98B35A0-181C-4151-9671-6B9D207D40A6}.Release|Any CPU.Build.0 = Release|Any CPU
		{A5FB0E0F-0B2C-451A-9642-E371DE7AFCBB}.Debug|Any CPU.ActiveCfg = Debug|Any CPU
		{A5FB0E0F-0B2C-451A-9642-E371DE7AFCBB}.Debug|Any CPU.Build.0 = Debug|Any CPU
		{A5FB0E0F-0B2C-451A-9642-E371DE7AFCBB}.Release|Any CPU.ActiveCfg = Release|Any CPU
		{A5FB0E0F-0B2C-451A-9642-E371DE7AFCBB}.Release|Any CPU.Build.0 = Release|Any CPU
		{89275D88-41A5-4B16-9488-0432B2A3D532}.Debug|Any CPU.ActiveCfg = Debug|Any CPU
		{89275D88-41A5-4B16-9488-0432B2A3D532}.Debug|Any CPU.Build.0 = Debug|Any CPU
		{89275D88-41A5-4B16-9488-0432B2A3D532}.Release|Any CPU.ActiveCfg = Release|Any CPU
		{89275D88-41A5-4B16-9488-0432B2A3D532}.Release|Any CPU.Build.0 = Release|Any CPU
		{A73BC29E-C720-44C8-A406-2A82D6079921}.Debug|Any CPU.ActiveCfg = Debug|Any CPU
		{A73BC29E-C720-44C8-A406-2A82D6079921}.Debug|Any CPU.Build.0 = Debug|Any CPU
		{A73BC29E-C720-44C8-A406-2A82D6079921}.Release|Any CPU.ActiveCfg = Release|Any CPU
		{A73BC29E-C720-44C8-A406-2A82D6079921}.Release|Any CPU.Build.0 = Release|Any CPU
		{3D59ACEE-12BF-4B69-AEF7-893514C0BA7D}.Debug|Any CPU.ActiveCfg = Debug|Any CPU
		{3D59ACEE-12BF-4B69-AEF7-893514C0BA7D}.Debug|Any CPU.Build.0 = Debug|Any CPU
		{3D59ACEE-12BF-4B69-AEF7-893514C0BA7D}.Release|Any CPU.ActiveCfg = Release|Any CPU
		{3D59ACEE-12BF-4B69-AEF7-893514C0BA7D}.Release|Any CPU.Build.0 = Release|Any CPU
		{6ACB62AD-0DFF-4593-A7EC-5A4E21DA4ABE}.Debug|Any CPU.ActiveCfg = Debug|Any CPU
		{6ACB62AD-0DFF-4593-A7EC-5A4E21DA4ABE}.Debug|Any CPU.Build.0 = Debug|Any CPU
		{6ACB62AD-0DFF-4593-A7EC-5A4E21DA4ABE}.Release|Any CPU.ActiveCfg = Release|Any CPU
		{6ACB62AD-0DFF-4593-A7EC-5A4E21DA4ABE}.Release|Any CPU.Build.0 = Release|Any CPU
		{FE9D3339-36EB-4B4F-9534-EA742FD59C2C}.Debug|Any CPU.ActiveCfg = Debug|Any CPU
		{FE9D3339-36EB-4B4F-9534-EA742FD59C2C}.Debug|Any CPU.Build.0 = Debug|Any CPU
		{FE9D3339-36EB-4B4F-9534-EA742FD59C2C}.Release|Any CPU.ActiveCfg = Release|Any CPU
		{FE9D3339-36EB-4B4F-9534-EA742FD59C2C}.Release|Any CPU.Build.0 = Release|Any CPU
	EndGlobalSection
	GlobalSection(SolutionProperties) = preSolution
		HideSolutionNode = FALSE
	EndGlobalSection
	GlobalSection(NestedProjects) = preSolution
		{5641753C-F10C-4CC0-881B-1734B25E0F48} = {35E84E5F-1C9B-4168-8333-216B456C12DF}
		{2DFA7173-E4AD-44C6-B25A-2A455CB513FD} = {35E84E5F-1C9B-4168-8333-216B456C12DF}
		{C1303FC0-AB94-4CF8-B9CD-BB10023618C9} = {35E84E5F-1C9B-4168-8333-216B456C12DF}
		{DF5FF703-BAC7-427B-BAEA-2E49B65DBF6E} = {35E84E5F-1C9B-4168-8333-216B456C12DF}
		{15C3F459-5FE5-48F2-A33C-A7864969FEA4} = {35E84E5F-1C9B-4168-8333-216B456C12DF}
		{BF4C5E36-4343-4778-AE0C-868E71548FBB} = {35E84E5F-1C9B-4168-8333-216B456C12DF}
		{D913522D-851D-413D-8904-D15D1BCF469E} = {35E84E5F-1C9B-4168-8333-216B456C12DF}
		{C707589F-7E9F-48F3-9725-D012CEA8D4AF} = {35E84E5F-1C9B-4168-8333-216B456C12DF}
		{B4C15C47-85E2-444E-B9F3-D970E35601A9} = {BA079449-9703-42D1-9B7B-B534C2D1DB88}
		{8CF49D1D-ED83-41AE-B2D5-1F8B1EBB4BE6} = {35E84E5F-1C9B-4168-8333-216B456C12DF}
		{4A68C463-ADB6-48FB-BC22-F52A97F2FDBE} = {BA079449-9703-42D1-9B7B-B534C2D1DB88}
		{B98B35A0-181C-4151-9671-6B9D207D40A6} = {35E84E5F-1C9B-4168-8333-216B456C12DF}
		{A5FB0E0F-0B2C-451A-9642-E371DE7AFCBB} = {35E84E5F-1C9B-4168-8333-216B456C12DF}
		{89275D88-41A5-4B16-9488-0432B2A3D532} = {35E84E5F-1C9B-4168-8333-216B456C12DF}
		{A73BC29E-C720-44C8-A406-2A82D6079921} = {35E84E5F-1C9B-4168-8333-216B456C12DF}
		{3D59ACEE-12BF-4B69-AEF7-893514C0BA7D} = {BA079449-9703-42D1-9B7B-B534C2D1DB88}
	EndGlobalSection
	GlobalSection(ExtensibilityGlobals) = postSolution
		SolutionGuid = {FA350FE9-9316-4846-8145-356F9A0ACBC7}
	EndGlobalSection
EndGlobal
